
Microsoft Visual Studio Solution File, Format Version 12.00
# Visual Studio Version 17
VisualStudioVersion = 17.0.31611.283
MinimumVisualStudioVersion = 10.0.40219.1
Project("{9A19103F-16F7-4668-BE54-9A1E7A4F7556}") = "MauixUnitTestSample", "MauixUnitTestSample\MauixUnitTestSample.csproj", "{F4D1DD75-08A6-460A-B31D-0BBEBBCA24BF}"
EndProject
Project("{FAE04EC0-301F-11D3-BF4B-00C04F79EFBC}") = "UnitTestProject", "UnitTestProject\UnitTestProject.csproj", "{A1A4B3B6-6B58-4E18-8C99-BD6DAE159618}"
EndProject
Global
	GlobalSection(SolutionConfigurationPlatforms) = preSolution
		Debug|Any CPU = Debug|Any CPU
		Release|Any CPU = Release|Any CPU
	EndGlobalSection
	GlobalSection(ProjectConfigurationPlatforms) = postSolution
		{F4D1DD75-08A6-460A-B31D-0BBEBBCA24BF}.Debug|Any CPU.ActiveCfg = Debug|Any CPU
		{F4D1DD75-08A6-460A-B31D-0BBEBBCA24BF}.Debug|Any CPU.Build.0 = Debug|Any CPU
		{F4D1DD75-08A6-460A-B31D-0BBEBBCA24BF}.Debug|Any CPU.Deploy.0 = Debug|Any CPU
		{F4D1DD75-08A6-460A-B31D-0BBEBBCA24BF}.Release|Any CPU.ActiveCfg = Release|Any CPU
		{F4D1DD75-08A6-460A-B31D-0BBEBBCA24BF}.Release|Any CPU.Build.0 = Release|Any CPU
		{F4D1DD75-08A6-460A-B31D-0BBEBBCA24BF}.Release|Any CPU.Deploy.0 = Release|Any CPU
		{A1A4B3B6-6B58-4E18-8C99-BD6DAE159618}.Debug|Any CPU.ActiveCfg = Debug|Any CPU
		{A1A4B3B6-6B58-4E18-8C99-BD6DAE159618}.Debug|Any CPU.Build.0 = Debug|Any CPU
		{A1A4B3B6-6B58-4E18-8C99-BD6DAE159618}.Release|Any CPU.ActiveCfg = Release|Any CPU
		{A1A4B3B6-6B58-4E18-8C99-BD6DAE159618}.Release|Any CPU.Build.0 = Release|Any CPU
	EndGlobalSection
	GlobalSection(SolutionProperties) = preSolution
		HideSolutionNode = FALSE
	EndGlobalSection
	GlobalSection(ExtensibilityGlobals) = postSolution
		SolutionGuid = {61F7FB11-1E47-470C-91E2-47F8143E1572}
	EndGlobalSection
EndGlobal
